
Microsoft Visual Studio Solution File, Format Version 12.00
# Visual Studio Version 16
VisualStudioVersion = 16.0.29424.173
MinimumVisualStudioVersion = 10.0.40219.1
Project("{2150E333-8FDC-42A3-9474-1A3956D46DE8}") = "src", "src", "{F97C470D-6FD4-45D9-B1ED-2D60B458A779}"
EndProject
Project("{FAE04EC0-301F-11D3-BF4B-00C04F79EFBC}") = "WebApplication.Memcached", "src\WebApplication.Memcached\WebApplication.Memcached.csproj", "{C4790ED2-51BD-4C18-9F60-623C11EF2EAD}"
EndProject
Project("{2150E333-8FDC-42A3-9474-1A3956D46DE8}") = "Solution Items", "Solution Items", "{613C775D-8184-4B79-9347-E06B582E9C93}"
	ProjectSection(SolutionItems) = preProject
		.gitattributes = .gitattributes
		.gitignore = .gitignore
	EndProjectSection
EndProject
Global
	GlobalSection(SolutionConfigurationPlatforms) = preSolution
		Debug|Any CPU = Debug|Any CPU
		Release|Any CPU = Release|Any CPU
	EndGlobalSection
	GlobalSection(ProjectConfigurationPlatforms) = postSolution
		{C4790ED2-51BD-4C18-9F60-623C11EF2EAD}.Debug|Any CPU.ActiveCfg = Debug|Any CPU
		{C4790ED2-51BD-4C18-9F60-623C11EF2EAD}.Debug|Any CPU.Build.0 = Debug|Any CPU
		{C4790ED2-51BD-4C18-9F60-623C11EF2EAD}.Release|Any CPU.ActiveCfg = Release|Any CPU
		{C4790ED2-51BD-4C18-9F60-623C11EF2EAD}.Release|Any CPU.Build.0 = Release|Any CPU
	EndGlobalSection
	GlobalSection(SolutionProperties) = preSolution
		HideSolutionNode = FALSE
	EndGlobalSection
	GlobalSection(NestedProjects) = preSolution
		{C4790ED2-51BD-4C18-9F60-623C11EF2EAD} = {F97C470D-6FD4-45D9-B1ED-2D60B458A779}
	EndGlobalSection
	GlobalSection(ExtensibilityGlobals) = postSolution
		SolutionGuid = {3B8EB54F-88E4-4CDD-9365-D61372D6D110}
	EndGlobalSection
EndGlobal
